
Microsoft Visual Studio Solution File, Format Version 12.00
# Visual Studio Version 17
VisualStudioVersion = 17.5.33516.290
MinimumVisualStudioVersion = 10.0.40219.1
Project("{FAE04EC0-301F-11D3-BF4B-00C04F79EFBC}") = "PauseMusic", "PauseMusic.csproj", "{7ACD14B0-C6CC-4241-8525-4114627A657E}"
EndProject
Global
	GlobalSection(SolutionConfigurationPlatforms) = preSolution
		Debug|Any CPU = Debug|Any CPU
		Release|Any CPU = Release|Any CPU
	EndGlobalSection
	GlobalSection(ProjectConfigurationPlatforms) = postSolution
		{7ACD14B0-C6CC-4241-8525-4114627A657E}.Debug|Any CPU.ActiveCfg = Debug|Any CPU
		{7ACD14B0-C6CC-4241-8525-4114627A657E}.Debug|Any CPU.Build.0 = Debug|Any CPU
		{7ACD14B0-C6CC-4241-8525-4114627A657E}.Release|Any CPU.ActiveCfg = Release|Any CPU
		{7ACD14B0-C6CC-4241-8525-4114627A657E}.Release|Any CPU.Build.0 = Release|Any CPU
	EndGlobalSection
	GlobalSection(SolutionProperties) = preSolution
		HideSolutionNode = FALSE
	EndGlobalSection
	GlobalSection(ExtensibilityGlobals) = postSolution
		SolutionGuid = {A479C289-F1E0-4B44-AB36-FA0EDBA3E8FA}
	EndGlobalSection
EndGlobal
